
Microsoft Visual Studio Solution File, Format Version 12.00
# Visual Studio Version 16
VisualStudioVersion = 16.0.30907.101
MinimumVisualStudioVersion = 10.0.40219.1
Project("{FAE04EC0-301F-11D3-BF4B-00C04F79EFBC}") = "ReBirth", "ReBirth\ReBirth.csproj", "{043BB5CA-5B21-4B24-B7E1-C91D3F307218}"
EndProject
Global
	GlobalSection(SolutionConfigurationPlatforms) = preSolution
		Debug|Any CPU = Debug|Any CPU
		Release|Any CPU = Release|Any CPU
	EndGlobalSection
	GlobalSection(ProjectConfigurationPlatforms) = postSolution
		{043BB5CA-5B21-4B24-B7E1-C91D3F307218}.Debug|Any CPU.ActiveCfg = Debug|Any CPU
		{043BB5CA-5B21-4B24-B7E1-C91D3F307218}.Debug|Any CPU.Build.0 = Debug|Any CPU
		{043BB5CA-5B21-4B24-B7E1-C91D3F307218}.Release|Any CPU.ActiveCfg = Release|Any CPU
		{043BB5CA-5B21-4B24-B7E1-C91D3F307218}.Release|Any CPU.Build.0 = Release|Any CPU
	EndGlobalSection
	GlobalSection(SolutionProperties) = preSolution
		HideSolutionNode = FALSE
	EndGlobalSection
	GlobalSection(ExtensibilityGlobals) = postSolution
		SolutionGuid = {2961E1C6-4809-4401-AD0B-807D50E8701D}
	EndGlobalSection
EndGlobal
